
Microsoft Visual Studio Solution File, Format Version 12.00
# Visual Studio 15
VisualStudioVersion = 15.0.26730.8
MinimumVisualStudioVersion = 10.0.40219.1
Project("{FAE04EC0-301F-11D3-BF4B-00C04F79EFBC}") = "XF_Sample_App.Android", "XF Sample App\XF_Sample_App.Android\XF_Sample_App.Android.csproj", "{07896FF8-9BA4-41B9-A054-4EAEF2BAFF77}"
EndProject
Project("{FAE04EC0-301F-11D3-BF4B-00C04F79EFBC}") = "XF_Sample_App", "XF Sample App\XF_Sample_App\XF_Sample_App.csproj", "{4FC1C2A8-6505-452E-8F3E-37C7CB5C7FC1}"
EndProject
Project("{FAE04EC0-301F-11D3-BF4B-00C04F79EFBC}") = "XF_Sample_App.UWP", "XF Sample App\XF_Sample_App.UWP\XF_Sample_App.UWP.csproj", "{13984A6E-9E64-4BE9-B1CE-E2D56658FDD8}"
EndProject
Project("{FAE04EC0-301F-11D3-BF4B-00C04F79EFBC}") = "XF_Sample_App.iOS", "XF Sample App\XF_Sample_App.iOS\XF_Sample_App.iOS.csproj", "{CE841D02-78D1-4C83-BAFD-F59E5CA0B753}"
EndProject
Global
	GlobalSection(SolutionConfigurationPlatforms) = preSolution
		Ad-Hoc|Any CPU = Ad-Hoc|Any CPU
		Ad-Hoc|ARM = Ad-Hoc|ARM
		Ad-Hoc|iPhone = Ad-Hoc|iPhone
		Ad-Hoc|iPhoneSimulator = Ad-Hoc|iPhoneSimulator
		Ad-Hoc|x64 = Ad-Hoc|x64
		Ad-Hoc|x86 = Ad-Hoc|x86
		AppStore|Any CPU = AppStore|Any CPU
		AppStore|ARM = AppStore|ARM
		AppStore|iPhone = AppStore|iPhone
		AppStore|iPhoneSimulator = AppStore|iPhoneSimulator
		AppStore|x64 = AppStore|x64
		AppStore|x86 = AppStore|x86
		Debug|Any CPU = Debug|Any CPU
		Debug|ARM = Debug|ARM
		Debug|iPhone = Debug|iPhone
		Debug|iPhoneSimulator = Debug|iPhoneSimulator
		Debug|x64 = Debug|x64
		Debug|x86 = Debug|x86
		Release|Any CPU = Release|Any CPU
		Release|ARM = Release|ARM
		Release|iPhone = Release|iPhone
		Release|iPhoneSimulator = Release|iPhoneSimulator
		Release|x64 = Release|x64
		Release|x86 = Release|x86
	EndGlobalSection
	GlobalSection(ProjectConfigurationPlatforms) = postSolution
		{07896FF8-9BA4-41B9-A054-4EAEF2BAFF77}.Ad-Hoc|Any CPU.ActiveCfg = Release|Any CPU
		{07896FF8-9BA4-41B9-A054-4EAEF2BAFF77}.Ad-Hoc|Any CPU.Build.0 = Release|Any CPU
		{07896FF8-9BA4-41B9-A054-4EAEF2BAFF77}.Ad-Hoc|Any CPU.Deploy.0 = Release|Any CPU
		{07896FF8-9BA4-41B9-A054-4EAEF2BAFF77}.Ad-Hoc|ARM.ActiveCfg = Release|Any CPU
		{07896FF8-9BA4-41B9-A054-4EAEF2BAFF77}.Ad-Hoc|ARM.Build.0 = Release|Any CPU
		{07896FF8-9BA4-41B9-A054-4EAEF2BAFF77}.Ad-Hoc|ARM.Deploy.0 = Release|Any CPU
		{07896FF8-9BA4-41B9-A054-4EAEF2BAFF77}.Ad-Hoc|iPhone.ActiveCfg = Release|Any CPU
		{07896FF8-9BA4-41B9-A054-4EAEF2BAFF77}.Ad-Hoc|iPhone.Build.0 = Release|Any CPU
		{07896FF8-9BA4-41B9-A054-4EAEF2BAFF77}.Ad-Hoc|iPhone.Deploy.0 = Release|Any CPU
		{07896FF8-9BA4-41B9-A054-4EAEF2BAFF77}.Ad-Hoc|iPhoneSimulator.ActiveCfg = Release|Any CPU
		{07896FF8-9BA4-41B9-A054-4EAEF2BAFF77}.Ad-Hoc|iPhoneSimulator.Build.0 = Release|Any CPU
		{07896FF8-9BA4-41B9-A054-4EAEF2BAFF77}.Ad-Hoc|iPhoneSimulator.Deploy.0 = Release|Any CPU
		{07896FF8-9BA4-41B9-A054-4EAEF2BAFF77}.Ad-Hoc|x64.ActiveCfg = Release|Any CPU
		{07896FF8-9BA4-41B9-A054-4EAEF2BAFF77}.Ad-Hoc|x64.Build.0 = Release|Any CPU
		{07896FF8-9BA4-41B9-A054-4EAEF2BAFF77}.Ad-Hoc|x64.Deploy.0 = Release|Any CPU
		{07896FF8-9BA4-41B9-A054-4EAEF2BAFF77}.Ad-Hoc|x86.ActiveCfg = Release|Any CPU
		{07896FF8-9BA4-41B9-A054-4EAEF2BAFF77}.Ad-Hoc|x86.Build.0 = Release|Any CPU
		{07896FF8-9BA4-41B9-A054-4EAEF2BAFF77}.Ad-Hoc|x86.Deploy.0 = Release|Any CPU
		{07896FF8-9BA4-41B9-A054-4EAEF2BAFF77}.AppStore|Any CPU.ActiveCfg = Release|Any CPU
		{07896FF8-9BA4-41B9-A054-4EAEF2BAFF77}.AppStore|Any CPU.Build.0 = Release|Any CPU
		{07896FF8-9BA4-41B9-A054-4EAEF2BAFF77}.AppStore|Any CPU.Deploy.0 = Release|Any CPU
		{07896FF8-9BA4-41B9-A054-4EAEF2BAFF77}.AppStore|ARM.ActiveCfg = Release|Any CPU
		{07896FF8-9BA4-41B9-A054-4EAEF2BAFF77}.AppStore|ARM.Build.0 = Release|Any CPU
		{07896FF8-9BA4-41B9-A054-4EAEF2BAFF77}.AppStore|ARM.Deploy.0 = Release|Any CPU
		{07896FF8-9BA4-41B9-A054-4EAEF2BAFF77}.AppStore|iPhone.ActiveCfg = Release|Any CPU
		{07896FF8-9BA4-41B9-A054-4EAEF2BAFF77}.AppStore|iPhone.Build.0 = Release|Any CPU
		{07896FF8-9BA4-41B9-A054-4EAEF2BAFF77}.AppStore|iPhone.Deploy.0 = Release|Any CPU
		{07896FF8-9BA4-41B9-A054-4EAEF2BAFF77}.AppStore|iPhoneSimulator.ActiveCfg = Release|Any CPU
		{07896FF8-9BA4-41B9-A054-4EAEF2BAFF77}.AppStore|iPhoneSimulator.Build.0 = Release|Any CPU
		{07896FF8-9BA4-41B9-A054-4EAEF2BAFF77}.AppStore|iPhoneSimulator.Deploy.0 = Release|Any CPU
		{07896FF8-9BA4-41B9-A054-4EAEF2BAFF77}.AppStore|x64.ActiveCfg = Release|Any CPU
		{07896FF8-9BA4-41B9-A054-4EAEF2BAFF77}.AppStore|x64.Build.0 = Release|Any CPU
		{07896FF8-9BA4-41B9-A054-4EAEF2BAFF77}.AppStore|x64.Deploy.0 = Release|Any CPU
		{07896FF8-9BA4-41B9-A054-4EAEF2BAFF77}.AppStore|x86.ActiveCfg = Release|Any CPU
		{07896FF8-9BA4-41B9-A054-4EAEF2BAFF77}.AppStore|x86.Build.0 = Release|Any CPU
		{07896FF8-9BA4-41B9-A054-4EAEF2BAFF77}.AppStore|x86.Deploy.0 = Release|Any CPU
		{07896FF8-9BA4-41B9-A054-4EAEF2BAFF77}.Debug|Any CPU.ActiveCfg = Debug|Any CPU
		{07896FF8-9BA4-41B9-A054-4EAEF2BAFF77}.Debug|Any CPU.Build.0 = Debug|Any CPU
		{07896FF8-9BA4-41B9-A054-4EAEF2BAFF77}.Debug|Any CPU.Deploy.0 = Debug|Any CPU
		{07896FF8-9BA4-41B9-A054-4EAEF2BAFF77}.Debug|ARM.ActiveCfg = Debug|Any CPU
		{07896FF8-9BA4-41B9-A054-4EAEF2BAFF77}.Debug|ARM.Build.0 = Debug|Any CPU
		{07896FF8-9BA4-41B9-A054-4EAEF2BAFF77}.Debug|ARM.Deploy.0 = Debug|Any CPU
		{07896FF8-9BA4-41B9-A054-4EAEF2BAFF77}.Debug|iPhone.ActiveCfg = Debug|Any CPU
		{07896FF8-9BA4-41B9-A054-4EAEF2BAFF77}.Debug|iPhone.Build.0 = Debug|Any CPU
		{07896FF8-9BA4-41B9-A054-4EAEF2BAFF77}.Debug|iPhone.Deploy.0 = Debug|Any CPU
		{07896FF8-9BA4-41B9-A054-4EAEF2BAFF77}.Debug|iPhoneSimulator.ActiveCfg = Debug|Any CPU
		{07896FF8-9BA4-41B9-A054-4EAEF2BAFF77}.Debug|iPhoneSimulator.Build.0 = Debug|Any CPU
		{07896FF8-9BA4-41B9-A054-4EAEF2BAFF77}.Debug|iPhoneSimulator.Deploy.0 = Debug|Any CPU
		{07896FF8-9BA4-41B9-A054-4EAEF2BAFF77}.Debug|x64.ActiveCfg = Debug|Any CPU
		{07896FF8-9BA4-41B9-A054-4EAEF2BAFF77}.Debug|x64.Build.0 = Debug|Any CPU
		{07896FF8-9BA4-41B9-A054-4EAEF2BAFF77}.Debug|x64.Deploy.0 = Debug|Any CPU
		{07896FF8-9BA4-41B9-A054-4EAEF2BAFF77}.Debug|x86.ActiveCfg = Debug|Any CPU
		{07896FF8-9BA4-41B9-A054-4EAEF2BAFF77}.Debug|x86.Build.0 = Debug|Any CPU
		{07896FF8-9BA4-41B9-A054-4EAEF2BAFF77}.Debug|x86.Deploy.0 = Debug|Any CPU
		{07896FF8-9BA4-41B9-A054-4EAEF2BAFF77}.Release|Any CPU.ActiveCfg = Release|Any CPU
		{07896FF8-9BA4-41B9-A054-4EAEF2BAFF77}.Release|Any CPU.Build.0 = Release|Any CPU
		{07896FF8-9BA4-41B9-A054-4EAEF2BAFF77}.Release|Any CPU.Deploy.0 = Release|Any CPU
		{07896FF8-9BA4-41B9-A054-4EAEF2BAFF77}.Release|ARM.ActiveCfg = Release|Any CPU
		{07896FF8-9BA4-41B9-A054-4EAEF2BAFF77}.Release|ARM.Build.0 = Release|Any CPU
		{07896FF8-9BA4-41B9-A054-4EAEF2BAFF77}.Release|ARM.Deploy.0 = Release|Any CPU
		{07896FF8-9BA4-41B9-A054-4EAEF2BAFF77}.Release|iPhone.ActiveCfg = Release|Any CPU
		{07896FF8-9BA4-41B9-A054-4EAEF2BAFF77}.Release|iPhone.Build.0 = Release|Any CPU
		{07896FF8-9BA4-41B9-A054-4EAEF2BAFF77}.Release|iPhone.Deploy.0 = Release|Any CPU
		{07896FF8-9BA4-41B9-A054-4EAEF2BAFF77}.Release|iPhoneSimulator.ActiveCfg = Release|Any CPU
		{07896FF8-9BA4-41B9-A054-4EAEF2BAFF77}.Release|iPhoneSimulator.Build.0 = Release|Any CPU
		{07896FF8-9BA4-41B9-A054-4EAEF2BAFF77}.Release|iPhoneSimulator.Deploy.0 = Release|Any CPU
		{07896FF8-9BA4-41B9-A054-4EAEF2BAFF77}.Release|x64.ActiveCfg = Release|Any CPU
		{07896FF8-9BA4-41B9-A054-4EAEF2BAFF77}.Release|x64.Build.0 = Release|Any CPU
		{07896FF8-9BA4-41B9-A054-4EAEF2BAFF77}.Release|x64.Deploy.0 = Release|Any CPU
		{07896FF8-9BA4-41B9-A054-4EAEF2BAFF77}.Release|x86.ActiveCfg = Release|Any CPU
		{07896FF8-9BA4-41B9-A054-4EAEF2BAFF77}.Release|x86.Build.0 = Release|Any CPU
		{07896FF8-9BA4-41B9-A054-4EAEF2BAFF77}.Release|x86.Deploy.0 = Release|Any CPU
		{4FC1C2A8-6505-452E-8F3E-37C7CB5C7FC1}.Ad-Hoc|Any CPU.ActiveCfg = Release|Any CPU
		{4FC1C2A8-6505-452E-8F3E-37C7CB5C7FC1}.Ad-Hoc|Any CPU.Build.0 = Release|Any CPU
		{4FC1C2A8-6505-452E-8F3E-37C7CB5C7FC1}.Ad-Hoc|ARM.ActiveCfg = Release|Any CPU
		{4FC1C2A8-6505-452E-8F3E-37C7CB5C7FC1}.Ad-Hoc|ARM.Build.0 = Release|Any CPU
		{4FC1C2A8-6505-452E-8F3E-37C7CB5C7FC1}.Ad-Hoc|iPhone.ActiveCfg = Release|Any CPU
		{4FC1C2A8-6505-452E-8F3E-37C7CB5C7FC1}.Ad-Hoc|iPhone.Build.0 = Release|Any CPU
		{4FC1C2A8-6505-452E-8F3E-37C7CB5C7FC1}.Ad-Hoc|iPhoneSimulator.ActiveCfg = Release|Any CPU
		{4FC1C2A8-6505-452E-8F3E-37C7CB5C7FC1}.Ad-Hoc|iPhoneSimulator.Build.0 = Release|Any CPU
		{4FC1C2A8-6505-452E-8F3E-37C7CB5C7FC1}.Ad-Hoc|x64.ActiveCfg = Release|Any CPU
		{4FC1C2A8-6505-452E-8F3E-37C7CB5C7FC1}.Ad-Hoc|x64.Build.0 = Release|Any CPU
		{4FC1C2A8-6505-452E-8F3E-37C7CB5C7FC1}.Ad-Hoc|x86.ActiveCfg = Release|Any CPU
		{4FC1C2A8-6505-452E-8F3E-37C7CB5C7FC1}.Ad-Hoc|x86.Build.0 = Release|Any CPU
		{4FC1C2A8-6505-452E-8F3E-37C7CB5C7FC1}.AppStore|Any CPU.ActiveCfg = Release|Any CPU
		{4FC1C2A8-6505-452E-8F3E-37C7CB5C7FC1}.AppStore|Any CPU.Build.0 = Release|Any CPU
		{4FC1C2A8-6505-452E-8F3E-37C7CB5C7FC1}.AppStore|ARM.ActiveCfg = Release|Any CPU
		{4FC1C2A8-6505-452E-8F3E-37C7CB5C7FC1}.AppStore|ARM.Build.0 = Release|Any CPU
		{4FC1C2A8-6505-452E-8F3E-37C7CB5C7FC1}.AppStore|iPhone.ActiveCfg = Release|Any CPU
		{4FC1C2A8-6505-452E-8F3E-37C7CB5C7FC1}.AppStore|iPhone.Build.0 = Release|Any CPU
		{4FC1C2A8-6505-452E-8F3E-37C7CB5C7FC1}.AppStore|iPhoneSimulator.ActiveCfg = Release|Any CPU
		{4FC1C2A8-6505-452E-8F3E-37C7CB5C7FC1}.AppStore|iPhoneSimulator.Build.0 = Release|Any CPU
		{4FC1C2A8-6505-452E-8F3E-37C7CB5C7FC1}.AppStore|x64.ActiveCfg = Release|Any CPU
		{4FC1C2A8-6505-452E-8F3E-37C7CB5C7FC1}.AppStore|x64.Build.0 = Release|Any CPU
		{4FC1C2A8-6505-452E-8F3E-37C7CB5C7FC1}.AppStore|x86.ActiveCfg = Release|Any CPU
		{4FC1C2A8-6505-452E-8F3E-37C7CB5C7FC1}.AppStore|x86.Build.0 = Release|Any CPU
		{4FC1C2A8-6505-452E-8F3E-37C7CB5C7FC1}.Debug|Any CPU.ActiveCfg = Debug|Any CPU
		{4FC1C2A8-6505-452E-8F3E-37C7CB5C7FC1}.Debug|Any CPU.Build.0 = Debug|Any CPU
		{4FC1C2A8-6505-452E-8F3E-37C7CB5C7FC1}.Debug|ARM.ActiveCfg = Debug|Any CPU
		{4FC1C2A8-6505-452E-8F3E-37C7CB5C7FC1}.Debug|ARM.Build.0 = Debug|Any CPU
		{4FC1C2A8-6505-452E-8F3E-37C7CB5C7FC1}.Debug|iPhone.ActiveCfg = Debug|Any CPU
		{4FC1C2A8-6505-452E-8F3E-37C7CB5C7FC1}.Debug|iPhone.Build.0 = Debug|Any CPU
		{4FC1C2A8-6505-452E-8F3E-37C7CB5C7FC1}.Debug|iPhoneSimulator.ActiveCfg = Debug|Any CPU
		{4FC1C2A8-6505-452E-8F3E-37C7CB5C7FC1}.Debug|iPhoneSimulator.Build.0 = Debug|Any CPU
		{4FC1C2A8-6505-452E-8F3E-37C7CB5C7FC1}.Debug|x64.ActiveCfg = Debug|Any CPU
		{4FC1C2A8-6505-452E-8F3E-37C7CB5C7FC1}.Debug|x64.Build.0 = Debug|Any CPU
		{4FC1C2A8-6505-452E-8F3E-37C7CB5C7FC1}.Debug|x86.ActiveCfg = Debug|Any CPU
		{4FC1C2A8-6505-452E-8F3E-37C7CB5C7FC1}.Debug|x86.Build.0 = Debug|Any CPU
		{4FC1C2A8-6505-452E-8F3E-37C7CB5C7FC1}.Release|Any CPU.ActiveCfg = Release|Any CPU
		{4FC1C2A8-6505-452E-8F3E-37C7CB5C7FC1}.Release|Any CPU.Build.0 = Release|Any CPU
		{4FC1C2A8-6505-452E-8F3E-37C7CB5C7FC1}.Release|ARM.ActiveCfg = Release|Any CPU
		{4FC1C2A8-6505-452E-8F3E-37C7CB5C7FC1}.Release|ARM.Build.0 = Release|Any CPU
		{4FC1C2A8-6505-452E-8F3E-37C7CB5C7FC1}.Release|iPhone.ActiveCfg = Release|Any CPU
		{4FC1C2A8-6505-452E-8F3E-37C7CB5C7FC1}.Release|iPhone.Build.0 = Release|Any CPU
		{4FC1C2A8-6505-452E-8F3E-37C7CB5C7FC1}.Release|iPhoneSimulator.ActiveCfg = Release|Any CPU
		{4FC1C2A8-6505-452E-8F3E-37C7CB5C7FC1}.Release|iPhoneSimulator.Build.0 = Release|Any CPU
		{4FC1C2A8-6505-452E-8F3E-37C7CB5C7FC1}.Release|x64.ActiveCfg = Release|Any CPU
		{4FC1C2A8-6505-452E-8F3E-37C7CB5C7FC1}.Release|x64.Build.0 = Release|Any CPU
		{4FC1C2A8-6505-452E-8F3E-37C7CB5C7FC1}.Release|x86.ActiveCfg = Release|Any CPU
		{4FC1C2A8-6505-452E-8F3E-37C7CB5C7FC1}.Release|x86.Build.0 = Release|Any CPU
		{13984A6E-9E64-4BE9-B1CE-E2D56658FDD8}.Ad-Hoc|Any CPU.ActiveCfg = Release|x86
		{13984A6E-9E64-4BE9-B1CE-E2D56658FDD8}.Ad-Hoc|Any CPU.Build.0 = Release|x86
		{13984A6E-9E64-4BE9-B1CE-E2D56658FDD8}.Ad-Hoc|Any CPU.Deploy.0 = Release|x86
		{13984A6E-9E64-4BE9-B1CE-E2D56658FDD8}.Ad-Hoc|ARM.ActiveCfg = Release|ARM
		{13984A6E-9E64-4BE9-B1CE-E2D56658FDD8}.Ad-Hoc|ARM.Build.0 = Release|ARM
		{13984A6E-9E64-4BE9-B1CE-E2D56658FDD8}.Ad-Hoc|ARM.Deploy.0 = Release|ARM
		{13984A6E-9E64-4BE9-B1CE-E2D56658FDD8}.Ad-Hoc|iPhone.ActiveCfg = Release|x86
		{13984A6E-9E64-4BE9-B1CE-E2D56658FDD8}.Ad-Hoc|iPhone.Build.0 = Release|x86
		{13984A6E-9E64-4BE9-B1CE-E2D56658FDD8}.Ad-Hoc|iPhone.Deploy.0 = Release|x86
		{13984A6E-9E64-4BE9-B1CE-E2D56658FDD8}.Ad-Hoc|iPhoneSimulator.ActiveCfg = Release|x86
		{13984A6E-9E64-4BE9-B1CE-E2D56658FDD8}.Ad-Hoc|iPhoneSimulator.Build.0 = Release|x86
		{13984A6E-9E64-4BE9-B1CE-E2D56658FDD8}.Ad-Hoc|iPhoneSimulator.Deploy.0 = Release|x86
		{13984A6E-9E64-4BE9-B1CE-E2D56658FDD8}.Ad-Hoc|x64.ActiveCfg = Release|x64
		{13984A6E-9E64-4BE9-B1CE-E2D56658FDD8}.Ad-Hoc|x64.Build.0 = Release|x64
		{13984A6E-9E64-4BE9-B1CE-E2D56658FDD8}.Ad-Hoc|x64.Deploy.0 = Release|x64
		{13984A6E-9E64-4BE9-B1CE-E2D56658FDD8}.Ad-Hoc|x86.ActiveCfg = Release|x86
		{13984A6E-9E64-4BE9-B1CE-E2D56658FDD8}.Ad-Hoc|x86.Build.0 = Release|x86
		{13984A6E-9E64-4BE9-B1CE-E2D56658FDD8}.Ad-Hoc|x86.Deploy.0 = Release|x86
		{13984A6E-9E64-4BE9-B1CE-E2D56658FDD8}.AppStore|Any CPU.ActiveCfg = Release|x86
		{13984A6E-9E64-4BE9-B1CE-E2D56658FDD8}.AppStore|Any CPU.Build.0 = Release|x86
		{13984A6E-9E64-4BE9-B1CE-E2D56658FDD8}.AppStore|Any CPU.Deploy.0 = Release|x86
		{13984A6E-9E64-4BE9-B1CE-E2D56658FDD8}.AppStore|ARM.ActiveCfg = Release|ARM
		{13984A6E-9E64-4BE9-B1CE-E2D56658FDD8}.AppStore|ARM.Build.0 = Release|ARM
		{13984A6E-9E64-4BE9-B1CE-E2D56658FDD8}.AppStore|ARM.Deploy.0 = Release|ARM
		{13984A6E-9E64-4BE9-B1CE-E2D56658FDD8}.AppStore|iPhone.ActiveCfg = Release|x86
		{13984A6E-9E64-4BE9-B1CE-E2D56658FDD8}.AppStore|iPhone.Build.0 = Release|x86
		{13984A6E-9E64-4BE9-B1CE-E2D56658FDD8}.AppStore|iPhone.Deploy.0 = Release|x86
		{13984A6E-9E64-4BE9-B1CE-E2D56658FDD8}.AppStore|iPhoneSimulator.ActiveCfg = Release|x86
		{13984A6E-9E64-4BE9-B1CE-E2D56658FDD8}.AppStore|iPhoneSimulator.Build.0 = Release|x86
		{13984A6E-9E64-4BE9-B1CE-E2D56658FDD8}.AppStore|iPhoneSimulator.Deploy.0 = Release|x86
		{13984A6E-9E64-4BE9-B1CE-E2D56658FDD8}.AppStore|x64.ActiveCfg = Release|x64
		{13984A6E-9E64-4BE9-B1CE-E2D56658FDD8}.AppStore|x64.Build.0 = Release|x64
		{13984A6E-9E64-4BE9-B1CE-E2D56658FDD8}.AppStore|x64.Deploy.0 = Release|x64
		{13984A6E-9E64-4BE9-B1CE-E2D56658FDD8}.AppStore|x86.ActiveCfg = Release|x86
		{13984A6E-9E64-4BE9-B1CE-E2D56658FDD8}.AppStore|x86.Build.0 = Release|x86
		{13984A6E-9E64-4BE9-B1CE-E2D56658FDD8}.AppStore|x86.Deploy.0 = Release|x86
		{13984A6E-9E64-4BE9-B1CE-E2D56658FDD8}.Debug|Any CPU.ActiveCfg = Debug|x86
		{13984A6E-9E64-4BE9-B1CE-E2D56658FDD8}.Debug|ARM.ActiveCfg = Debug|ARM
		{13984A6E-9E64-4BE9-B1CE-E2D56658FDD8}.Debug|ARM.Build.0 = Debug|ARM
		{13984A6E-9E64-4BE9-B1CE-E2D56658FDD8}.Debug|ARM.Deploy.0 = Debug|ARM
		{13984A6E-9E64-4BE9-B1CE-E2D56658FDD8}.Debug|iPhone.ActiveCfg = Debug|x86
		{13984A6E-9E64-4BE9-B1CE-E2D56658FDD8}.Debug|iPhoneSimulator.ActiveCfg = Debug|x86
		{13984A6E-9E64-4BE9-B1CE-E2D56658FDD8}.Debug|x64.ActiveCfg = Debug|x64
		{13984A6E-9E64-4BE9-B1CE-E2D56658FDD8}.Debug|x64.Build.0 = Debug|x64
		{13984A6E-9E64-4BE9-B1CE-E2D56658FDD8}.Debug|x64.Deploy.0 = Debug|x64
		{13984A6E-9E64-4BE9-B1CE-E2D56658FDD8}.Debug|x86.ActiveCfg = Debug|x86
		{13984A6E-9E64-4BE9-B1CE-E2D56658FDD8}.Debug|x86.Build.0 = Debug|x86
		{13984A6E-9E64-4BE9-B1CE-E2D56658FDD8}.Debug|x86.Deploy.0 = Debug|x86
		{13984A6E-9E64-4BE9-B1CE-E2D56658FDD8}.Release|Any CPU.ActiveCfg = Release|x86
		{13984A6E-9E64-4BE9-B1CE-E2D56658FDD8}.Release|ARM.ActiveCfg = Release|ARM
		{13984A6E-9E64-4BE9-B1CE-E2D56658FDD8}.Release|ARM.Build.0 = Release|ARM
		{13984A6E-9E64-4BE9-B1CE-E2D56658FDD8}.Release|ARM.Deploy.0 = Release|ARM
		{13984A6E-9E64-4BE9-B1CE-E2D56658FDD8}.Release|iPhone.ActiveCfg = Release|x86
		{13984A6E-9E64-4BE9-B1CE-E2D56658FDD8}.Release|iPhoneSimulator.ActiveCfg = Release|x86
		{13984A6E-9E64-4BE9-B1CE-E2D56658FDD8}.Release|x64.ActiveCfg = Release|x64
		{13984A6E-9E64-4BE9-B1CE-E2D56658FDD8}.Release|x64.Build.0 = Release|x64
		{13984A6E-9E64-4BE9-B1CE-E2D56658FDD8}.Release|x64.Deploy.0 = Release|x64
		{13984A6E-9E64-4BE9-B1CE-E2D56658FDD8}.Release|x86.ActiveCfg = Release|x86
		{13984A6E-9E64-4BE9-B1CE-E2D56658FDD8}.Release|x86.Build.0 = Release|x86
		{13984A6E-9E64-4BE9-B1CE-E2D56658FDD8}.Release|x86.Deploy.0 = Release|x86
		{CE841D02-78D1-4C83-BAFD-F59E5CA0B753}.Ad-Hoc|Any CPU.ActiveCfg = Ad-Hoc|iPhone
		{CE841D02-78D1-4C83-BAFD-F59E5CA0B753}.Ad-Hoc|ARM.ActiveCfg = Ad-Hoc|iPhone
		{CE841D02-78D1-4C83-BAFD-F59E5CA0B753}.Ad-Hoc|iPhone.ActiveCfg = Ad-Hoc|iPhone
		{CE841D02-78D1-4C83-BAFD-F59E5CA0B753}.Ad-Hoc|iPhone.Build.0 = Ad-Hoc|iPhone
		{CE841D02-78D1-4C83-BAFD-F59E5CA0B753}.Ad-Hoc|iPhoneSimulator.ActiveCfg = Ad-Hoc|iPhoneSimulator
		{CE841D02-78D1-4C83-BAFD-F59E5CA0B753}.Ad-Hoc|iPhoneSimulator.Build.0 = Ad-Hoc|iPhoneSimulator
		{CE841D02-78D1-4C83-BAFD-F59E5CA0B753}.Ad-Hoc|x64.ActiveCfg = Ad-Hoc|iPhone
		{CE841D02-78D1-4C83-BAFD-F59E5CA0B753}.Ad-Hoc|x86.ActiveCfg = Ad-Hoc|iPhone
		{CE841D02-78D1-4C83-BAFD-F59E5CA0B753}.AppStore|Any CPU.ActiveCfg = AppStore|iPhone
		{CE841D02-78D1-4C83-BAFD-F59E5CA0B753}.AppStore|ARM.ActiveCfg = AppStore|iPhone
		{CE841D02-78D1-4C83-BAFD-F59E5CA0B753}.AppStore|iPhone.ActiveCfg = AppStore|iPhone
		{CE841D02-78D1-4C83-BAFD-F59E5CA0B753}.AppStore|iPhone.Build.0 = AppStore|iPhone
		{CE841D02-78D1-4C83-BAFD-F59E5CA0B753}.AppStore|iPhoneSimulator.ActiveCfg = AppStore|iPhoneSimulator
		{CE841D02-78D1-4C83-BAFD-F59E5CA0B753}.AppStore|iPhoneSimulator.Build.0 = AppStore|iPhoneSimulator
		{CE841D02-78D1-4C83-BAFD-F59E5CA0B753}.AppStore|x64.ActiveCfg = AppStore|iPhone
		{CE841D02-78D1-4C83-BAFD-F59E5CA0B753}.AppStore|x86.ActiveCfg = AppStore|iPhone
		{CE841D02-78D1-4C83-BAFD-F59E5CA0B753}.Debug|Any CPU.ActiveCfg = Debug|iPhone
		{CE841D02-78D1-4C83-BAFD-F59E5CA0B753}.Debug|ARM.ActiveCfg = Debug|iPhone
		{CE841D02-78D1-4C83-BAFD-F59E5CA0B753}.Debug|iPhone.ActiveCfg = Debug|iPhone
		{CE841D02-78D1-4C83-BAFD-F59E5CA0B753}.Debug|iPhone.Build.0 = Debug|iPhone
		{CE841D02-78D1-4C83-BAFD-F59E5CA0B753}.Debug|iPhoneSimulator.ActiveCfg = Debug|iPhoneSimulator
		{CE841D02-78D1-4C83-BAFD-F59E5CA0B753}.Debug|iPhoneSimulator.Build.0 = Debug|iPhoneSimulator
		{CE841D02-78D1-4C83-BAFD-F59E5CA0B753}.Debug|x64.ActiveCfg = Debug|iPhone
		{CE841D02-78D1-4C83-BAFD-F59E5CA0B753}.Debug|x86.ActiveCfg = Debug|iPhone
		{CE841D02-78D1-4C83-BAFD-F59E5CA0B753}.Release|Any CPU.ActiveCfg = Release|iPhone
		{CE841D02-78D1-4C83-BAFD-F59E5CA0B753}.Release|ARM.ActiveCfg = Release|iPhone
		{CE841D02-78D1-4C83-BAFD-F59E5CA0B753}.Release|iPhone.ActiveCfg = Release|iPhone
		{CE841D02-78D1-4C83-BAFD-F59E5CA0B753}.Release|iPhone.Build.0 = Release|iPhone
		{CE841D02-78D1-4C83-BAFD-F59E5CA0B753}.Release|iPhoneSimulator.ActiveCfg = Release|iPhoneSimulator
		{CE841D02-78D1-4C83-BAFD-F59E5CA0B753}.Release|iPhoneSimulator.Build.0 = Release|iPhoneSimulator
		{CE841D02-78D1-4C83-BAFD-F59E5CA0B753}.Release|x64.ActiveCfg = Release|iPhone
		{CE841D02-78D1-4C83-BAFD-F59E5CA0B753}.Release|x86.ActiveCfg = Release|iPhone
	EndGlobalSection
	GlobalSection(SolutionProperties) = preSolution
		HideSolutionNode = FALSE
	EndGlobalSection
	GlobalSection(ExtensibilityGlobals) = postSolution
		SolutionGuid = {74297E3C-FFDF-4B8E-959E-1F8DF77E6455}
	EndGlobalSection
EndGlobal
